
Microsoft Visual Studio Solution File, Format Version 12.00
# Visual Studio 14
VisualStudioVersion = 14.0.23107.0
MinimumVisualStudioVersion = 10.0.40219.1
Project("{FAE04EC0-301F-11D3-BF4B-00C04F79EFBC}") = "001-HelloWorld", "001-HelloWorld\001-HelloWorld.csproj", "{1D624108-6A6A-4389-A78B-553CA23C086A}"
EndProject
Project("{FAE04EC0-301F-11D3-BF4B-00C04F79EFBC}") = "003-Type", "003-Type\003-Type.csproj", "{42DA6610-762B-4581-8B54-A78CF1DA0FB0}"
EndProject
Project("{FAE04EC0-301F-11D3-BF4B-00C04F79EFBC}") = "004-OO", "004-OO\004-OO.csproj", "{6B771FB5-CB87-4447-A1F5-1BA10B1B93C3}"
EndProject
Project("{FAE04EC0-301F-11D3-BF4B-00C04F79EFBC}") = "005-Inherit", "005-Inherit\005-Inherit.csproj", "{410D8441-206B-4459-A2CC-BD7C6766BF82}"
EndProject
Global
	GlobalSection(SolutionConfigurationPlatforms) = preSolution
		Debug|Any CPU = Debug|Any CPU
		Release|Any CPU = Release|Any CPU
	EndGlobalSection
	GlobalSection(ProjectConfigurationPlatforms) = postSolution
		{1D624108-6A6A-4389-A78B-553CA23C086A}.Debug|Any CPU.ActiveCfg = Debug|Any CPU
		{1D624108-6A6A-4389-A78B-553CA23C086A}.Debug|Any CPU.Build.0 = Debug|Any CPU
		{1D624108-6A6A-4389-A78B-553CA23C086A}.Release|Any CPU.ActiveCfg = Release|Any CPU
		{1D624108-6A6A-4389-A78B-553CA23C086A}.Release|Any CPU.Build.0 = Release|Any CPU
		{42DA6610-762B-4581-8B54-A78CF1DA0FB0}.Debug|Any CPU.ActiveCfg = Debug|Any CPU
		{42DA6610-762B-4581-8B54-A78CF1DA0FB0}.Debug|Any CPU.Build.0 = Debug|Any CPU
		{42DA6610-762B-4581-8B54-A78CF1DA0FB0}.Release|Any CPU.ActiveCfg = Release|Any CPU
		{42DA6610-762B-4581-8B54-A78CF1DA0FB0}.Release|Any CPU.Build.0 = Release|Any CPU
		{6B771FB5-CB87-4447-A1F5-1BA10B1B93C3}.Debug|Any CPU.ActiveCfg = Debug|Any CPU
		{6B771FB5-CB87-4447-A1F5-1BA10B1B93C3}.Debug|Any CPU.Build.0 = Debug|Any CPU
		{6B771FB5-CB87-4447-A1F5-1BA10B1B93C3}.Release|Any CPU.ActiveCfg = Release|Any CPU
		{6B771FB5-CB87-4447-A1F5-1BA10B1B93C3}.Release|Any CPU.Build.0 = Release|Any CPU
		{410D8441-206B-4459-A2CC-BD7C6766BF82}.Debug|Any CPU.ActiveCfg = Debug|Any CPU
		{410D8441-206B-4459-A2CC-BD7C6766BF82}.Debug|Any CPU.Build.0 = Debug|Any CPU
		{410D8441-206B-4459-A2CC-BD7C6766BF82}.Release|Any CPU.ActiveCfg = Release|Any CPU
		{410D8441-206B-4459-A2CC-BD7C6766BF82}.Release|Any CPU.Build.0 = Release|Any CPU
	EndGlobalSection
	GlobalSection(SolutionProperties) = preSolution
		HideSolutionNode = FALSE
	EndGlobalSection
EndGlobal
